
Microsoft Visual Studio Solution File, Format Version 12.00
# Visual Studio 2015
Project("{FAE04EC0-301F-11D3-BF4B-00C04F79EFBC}") = "LD37-One_room", "LD37-One_room.csproj", "{13C70D1E-40FB-3C1F-BADC-FF2F1D125FD9}"
EndProject
Global
	GlobalSection(SolutionConfigurationPlatforms) = preSolution
		Debug|Any CPU = Debug|Any CPU
		Release|Any CPU = Release|Any CPU
	EndGlobalSection
	GlobalSection(ProjectConfigurationPlatforms) = postSolution
		{13C70D1E-40FB-3C1F-BADC-FF2F1D125FD9}.Debug|Any CPU.ActiveCfg = Debug|Any CPU
		{13C70D1E-40FB-3C1F-BADC-FF2F1D125FD9}.Debug|Any CPU.Build.0 = Debug|Any CPU
		{13C70D1E-40FB-3C1F-BADC-FF2F1D125FD9}.Release|Any CPU.ActiveCfg = Release|Any CPU
		{13C70D1E-40FB-3C1F-BADC-FF2F1D125FD9}.Release|Any CPU.Build.0 = Release|Any CPU
	EndGlobalSection
	GlobalSection(SolutionProperties) = preSolution
		HideSolutionNode = FALSE
	EndGlobalSection
EndGlobal
